
Microsoft Visual Studio Solution File, Format Version 12.00
# Visual Studio Version 17
VisualStudioVersion = 17.11.35327.3
MinimumVisualStudioVersion = 10.0.40219.1
Project("{FAE04EC0-301F-11D3-BF4B-00C04F79EFBC}") = "addressbook_tests-white", "addressbook_tests-white\addressbook_tests-white.csproj", "{73FE7B48-83EF-458A-999B-F103169361ED}"
EndProject
Global
	GlobalSection(SolutionConfigurationPlatforms) = preSolution
		Debug|Any CPU = Debug|Any CPU
		Release|Any CPU = Release|Any CPU
	EndGlobalSection
	GlobalSection(ProjectConfigurationPlatforms) = postSolution
		{73FE7B48-83EF-458A-999B-F103169361ED}.Debug|Any CPU.ActiveCfg = Debug|Any CPU
		{73FE7B48-83EF-458A-999B-F103169361ED}.Debug|Any CPU.Build.0 = Debug|Any CPU
		{73FE7B48-83EF-458A-999B-F103169361ED}.Release|Any CPU.ActiveCfg = Release|Any CPU
		{73FE7B48-83EF-458A-999B-F103169361ED}.Release|Any CPU.Build.0 = Release|Any CPU
	EndGlobalSection
	GlobalSection(SolutionProperties) = preSolution
		HideSolutionNode = FALSE
	EndGlobalSection
	GlobalSection(ExtensibilityGlobals) = postSolution
		SolutionGuid = {50608FCC-CD85-4422-8563-A1A9ECFA18BC}
	EndGlobalSection
EndGlobal
